
Microsoft Visual Studio Solution File, Format Version 12.00
# Visual Studio Version 16
VisualStudioVersion = 16.0.31019.35
MinimumVisualStudioVersion = 10.0.40219.1
Project("{9A19103F-16F7-4668-BE54-9A1E7A4F7556}") = "TwemojiSharp", "TwemojiSharp\TwemojiSharp.csproj", "{2CEC312B-1532-4930-8F15-78D8FBA520F8}"
EndProject
Project("{FAE04EC0-301F-11D3-BF4B-00C04F79EFBC}") = "TwemojiSharp.Tests", "TwemojiSharp.Tests\TwemojiSharp.Tests.csproj", "{B4AF08A7-C17D-4483-B90E-E72B91A09298}"
EndProject
Global
	GlobalSection(SolutionConfigurationPlatforms) = preSolution
		Debug|Any CPU = Debug|Any CPU
		Release|Any CPU = Release|Any CPU
	EndGlobalSection
	GlobalSection(ProjectConfigurationPlatforms) = postSolution
		{2CEC312B-1532-4930-8F15-78D8FBA520F8}.Debug|Any CPU.ActiveCfg = Debug|Any CPU
		{2CEC312B-1532-4930-8F15-78D8FBA520F8}.Debug|Any CPU.Build.0 = Debug|Any CPU
		{2CEC312B-1532-4930-8F15-78D8FBA520F8}.Release|Any CPU.ActiveCfg = Release|Any CPU
		{2CEC312B-1532-4930-8F15-78D8FBA520F8}.Release|Any CPU.Build.0 = Release|Any CPU
		{B4AF08A7-C17D-4483-B90E-E72B91A09298}.Debug|Any CPU.ActiveCfg = Debug|Any CPU
		{B4AF08A7-C17D-4483-B90E-E72B91A09298}.Debug|Any CPU.Build.0 = Debug|Any CPU
		{B4AF08A7-C17D-4483-B90E-E72B91A09298}.Release|Any CPU.ActiveCfg = Release|Any CPU
		{B4AF08A7-C17D-4483-B90E-E72B91A09298}.Release|Any CPU.Build.0 = Release|Any CPU
	EndGlobalSection
	GlobalSection(SolutionProperties) = preSolution
		HideSolutionNode = FALSE
	EndGlobalSection
	GlobalSection(ExtensibilityGlobals) = postSolution
		SolutionGuid = {DDDC8097-5C04-482E-91DC-7FF1E3899143}
	EndGlobalSection
EndGlobal
